
Microsoft Visual Studio Solution File, Format Version 12.00
# Visual Studio Version 17
VisualStudioVersion = 17.9.34728.123
MinimumVisualStudioVersion = 10.0.40219.1
Project("{FAE04EC0-301F-11D3-BF4B-00C04F79EFBC}") = "wuwa_modloader", "wuwa_modloader.csproj", "{F774D8B1-FBD4-4214-9D68-57AAE8F329E9}"
EndProject
Global
	GlobalSection(SolutionConfigurationPlatforms) = preSolution
		Debug|Any CPU = Debug|Any CPU
		Release|Any CPU = Release|Any CPU
	EndGlobalSection
	GlobalSection(ProjectConfigurationPlatforms) = postSolution
		{F774D8B1-FBD4-4214-9D68-57AAE8F329E9}.Debug|Any CPU.ActiveCfg = Debug|Any CPU
		{F774D8B1-FBD4-4214-9D68-57AAE8F329E9}.Debug|Any CPU.Build.0 = Debug|Any CPU
		{F774D8B1-FBD4-4214-9D68-57AAE8F329E9}.Release|Any CPU.ActiveCfg = Release|Any CPU
		{F774D8B1-FBD4-4214-9D68-57AAE8F329E9}.Release|Any CPU.Build.0 = Release|Any CPU
	EndGlobalSection
	GlobalSection(SolutionProperties) = preSolution
		HideSolutionNode = FALSE
	EndGlobalSection
	GlobalSection(ExtensibilityGlobals) = postSolution
		SolutionGuid = {35C07AE7-650C-4F03-B5B1-6FBAA3DA3269}
	EndGlobalSection
EndGlobal
